
Microsoft Visual Studio Solution File, Format Version 12.00
# Visual Studio Version 16
VisualStudioVersion = 16.0.30804.86
MinimumVisualStudioVersion = 10.0.40219.1
Project("{8BC9CEB8-8B4A-11D0-8D11-00A0C91BC942}") = "CSCN71030W21-TextAdventureGame", "CSCN71030W21-TextAdventureGame\CSCN71030W21-TextAdventureGame.vcxproj", "{476D49A1-D579-4D7A-B679-C92746865C44}"
EndProject
Project("{8BC9CEB8-8B4A-11D0-8D11-00A0C91BC942}") = "CSCN71030W21-TextAdventureGame.Tests", "CSCN71030W21-TextAdventureGame.Tests\CSCN71030W21-TextAdventureGame.Tests.vcxproj", "{4C71562E-1549-4FD4-A8A0-988544AA93DE}"
EndProject
Global
	GlobalSection(SolutionConfigurationPlatforms) = preSolution
		Debug|x64 = Debug|x64
		Debug|x86 = Debug|x86
		Release|x64 = Release|x64
		Release|x86 = Release|x86
	EndGlobalSection
	GlobalSection(ProjectConfigurationPlatforms) = postSolution
		{476D49A1-D579-4D7A-B679-C92746865C44}.Debug|x64.ActiveCfg = Debug|x64
		{476D49A1-D579-4D7A-B679-C92746865C44}.Debug|x64.Build.0 = Debug|x64
		{476D49A1-D579-4D7A-B679-C92746865C44}.Debug|x86.ActiveCfg = Debug|Win32
		{476D49A1-D579-4D7A-B679-C92746865C44}.Debug|x86.Build.0 = Debug|Win32
		{476D49A1-D579-4D7A-B679-C92746865C44}.Release|x64.ActiveCfg = Release|x64
		{476D49A1-D579-4D7A-B679-C92746865C44}.Release|x64.Build.0 = Release|x64
		{476D49A1-D579-4D7A-B679-C92746865C44}.Release|x86.ActiveCfg = Release|Win32
		{476D49A1-D579-4D7A-B679-C92746865C44}.Release|x86.Build.0 = Release|Win32
		{4C71562E-1549-4FD4-A8A0-988544AA93DE}.Debug|x64.ActiveCfg = Debug|x64
		{4C71562E-1549-4FD4-A8A0-988544AA93DE}.Debug|x64.Build.0 = Debug|x64
		{4C71562E-1549-4FD4-A8A0-988544AA93DE}.Debug|x86.ActiveCfg = Debug|Win32
		{4C71562E-1549-4FD4-A8A0-988544AA93DE}.Debug|x86.Build.0 = Debug|Win32
		{4C71562E-1549-4FD4-A8A0-988544AA93DE}.Release|x64.ActiveCfg = Release|x64
		{4C71562E-1549-4FD4-A8A0-988544AA93DE}.Release|x64.Build.0 = Release|x64
		{4C71562E-1549-4FD4-A8A0-988544AA93DE}.Release|x86.ActiveCfg = Release|Win32
		{4C71562E-1549-4FD4-A8A0-988544AA93DE}.Release|x86.Build.0 = Release|Win32
	EndGlobalSection
	GlobalSection(SolutionProperties) = preSolution
		HideSolutionNode = FALSE
	EndGlobalSection
	GlobalSection(ExtensibilityGlobals) = postSolution
		SolutionGuid = {A5423406-518F-4BC0-9925-E98059468BFD}
	EndGlobalSection
EndGlobal
